
Microsoft Visual Studio Solution File, Format Version 12.00
# Visual Studio Version 16
VisualStudioVersion = 16.0.29519.181
MinimumVisualStudioVersion = 10.0.40219.1
Project("{FAE04EC0-301F-11D3-BF4B-00C04F79EFBC}") = "FileServer", "FileServer\FileServer.csproj", "{BB9FBB72-2A66-4839-A8BD-9B8298F8CCE2}"
EndProject
Global
	GlobalSection(SolutionConfigurationPlatforms) = preSolution
		Debug|Any CPU = Debug|Any CPU
		Release|Any CPU = Release|Any CPU
	EndGlobalSection
	GlobalSection(ProjectConfigurationPlatforms) = postSolution
		{BB9FBB72-2A66-4839-A8BD-9B8298F8CCE2}.Debug|Any CPU.ActiveCfg = Debug|Any CPU
		{BB9FBB72-2A66-4839-A8BD-9B8298F8CCE2}.Debug|Any CPU.Build.0 = Debug|Any CPU
		{BB9FBB72-2A66-4839-A8BD-9B8298F8CCE2}.Release|Any CPU.ActiveCfg = Release|Any CPU
		{BB9FBB72-2A66-4839-A8BD-9B8298F8CCE2}.Release|Any CPU.Build.0 = Release|Any CPU
	EndGlobalSection
	GlobalSection(SolutionProperties) = preSolution
		HideSolutionNode = FALSE
	EndGlobalSection
	GlobalSection(ExtensibilityGlobals) = postSolution
		SolutionGuid = {A04B54BF-8328-409F-80BB-05A02728938F}
	EndGlobalSection
EndGlobal
